// !$*UTF8*$!
{
	archiveVersion = 1;
	classes = {
	};
	objectVersion = 56;
	objects = {

/* Begin PBXBuildFile section */
		7EEAB3AD2A2F5C82007E8D3E /* AppDelegate.swift in Sources */ = {isa = PBXBuildFile; fileRef = 7EEAB3AC2A2F5C82007E8D3E /* AppDelegate.swift */; };
		7EEAB3AF2A2F5C82007E8D3E /* SceneDelegate.swift in Sources */ = {isa = PBXBuildFile; fileRef = 7EEAB3AE2A2F5C82007E8D3E /* SceneDelegate.swift */; };
		7EEAB3B12A2F5C82007E8D3E /* ViewController.swift in Sources */ = {isa = PBXBuildFile; fileRef = 7EEAB3B02A2F5C82007E8D3E /* ViewController.swift */; };
		7EEAB3B42A2F5C82007E8D3E /* Main.storyboard in Resources */ = {isa = PBXBuildFile; fileRef = 7EEAB3B22A2F5C82007E8D3E /* Main.storyboard */; };
		7EEAB3B72A2F5C82007E8D3E /* NatureBook.xcdatamodeld in Sources */ = {isa = PBXBuildFile; fileRef = 7EEAB3B52A2F5C82007E8D3E /* NatureBook.xcdatamodeld */; };
		7EEAB3B92A2F5C83007E8D3E /* Assets.xcassets in Resources */ = {isa = PBXBuildFile; fileRef = 7EEAB3B82A2F5C83007E8D3E /* Assets.xcassets */; };
		7EEAB3BC2A2F5C83007E8D3E /* LaunchScreen.storyboard in Resources */ = {isa = PBXBuildFile; fileRef = 7EEAB3BA2A2F5C83007E8D3E /* LaunchScreen.storyboard */; };
		7EEAB3C72A2F5C83007E8D3E /* NatureBookTests.swift in Sources */ = {isa = PBXBuildFile; fileRef = 7EEAB3C62A2F5C83007E8D3E /* NatureBookTests.swift */; };
		7EEAB3D12A2F5C83007E8D3E /* NatureBookUITests.swift in Sources */ = {isa = PBXBuildFile; fileRef = 7EEAB3D02A2F5C83007E8D3E /* NatureBookUITests.swift */; };
		7EEAB3D32A2F5C83007E8D3E /* NatureBookUITestsLaunchTests.swift in Sources */ = {isa = PBXBuildFile; fileRef = 7EEAB3D22A2F5C83007E8D3E /* NatureBookUITestsLaunchTests.swift */; };
		7EEAB3E02A2F5E9B007E8D3E /* SecondViewController.swift in Sources */ = {isa = PBXBuildFile; fileRef = 7EEAB3DF2A2F5E9B007E8D3E /* SecondViewController.swift */; };
/* End PBXBuildFile section */

/* Begin PBXContainerItemProxy section */
		7EEAB3C32A2F5C83007E8D3E /* PBXContainerItemProxy */ = {
			isa = PBXContainerItemProxy;
			containerPortal = 7EEAB3A12A2F5C82007E8D3E /* Project object */;
			proxyType = 1;
			remoteGlobalIDString = 7EEAB3A82A2F5C82007E8D3E;
			remoteInfo = NatureBook;
		};
		7EEAB3CD2A2F5C83007E8D3E /* PBXContainerItemProxy */ = {
			isa = PBXContainerItemProxy;
			containerPortal = 7EEAB3A12A2F5C82007E8D3E /* Project object */;
			proxyType = 1;
			remoteGlobalIDString = 7EEAB3A82A2F5C82007E8D3E;
			remoteInfo = NatureBook;
		};
/* End PBXContainerItemProxy section */

/* Begin PBXFileReference section */
		7EEAB3A92A2F5C82007E8D3E /* NatureBook.app */ = {isa = PBXFileReference; explicitFileType = wrapper.application; includeInIndex = 0; path = NatureBook.app; sourceTree = BUILT_PRODUCTS_DIR; };
		7EEAB3AC2A2F5C82007E8D3E /* AppDelegate.swift */ = {isa = PBXFileReference; lastKnownFileType = sourcecode.swift; path = AppDelegate.swift; sourceTree = "<group>"; };
		7EEAB3AE2A2F5C82007E8D3E /* SceneDelegate.swift */ = {isa = PBXFileReference; lastKnownFileType = sourcecode.swift; path = SceneDelegate.swift; sourceTree = "<group>"; };
		7EEAB3B02A2F5C82007E8D3E /* ViewController.swift */ = {isa = PBXFileReference; lastKnownFileType = sourcecode.swift; path = ViewController.swift; sourceTree = "<group>"; };
		7EEAB3B32A2F5C82007E8D3E /* Base */ = {isa = PBXFileReference; lastKnownFileType = file.storyboard; name = Base; path = Base.lproj/Main.storyboard; sourceTree = "<group>"; };
		7EEAB3B62A2F5C82007E8D3E /* NatureBook.xcdatamodel */ = {isa = PBXFileReference; lastKnownFileType = wrapper.xcdatamodel; path = NatureBook.xcdatamodel; sourceTree = "<group>"; };
		7EEAB3B82A2F5C83007E8D3E /* Assets.xcassets */ = {isa = PBXFileReference; lastKnownFileType = folder.assetcatalog; path = Assets.xcassets; sourceTree = "<group>"; };
		7EEAB3BB2A2F5C83007E8D3E /* Base */ = {isa = PBXFileReference; lastKnownFileType = file.storyboard; name = Base; path = Base.lproj/LaunchScreen.storyboard; sourceTree = "<group>"; };
		7EEAB3BD2A2F5C83007E8D3E /* Info.plist */ = {isa = PBXFileReference; lastKnownFileType = text.plist.xml; path = Info.plist; sourceTree = "<group>"; };
		7EEAB3C22A2F5C83007E8D3E /* NatureBookTests.xctest */ = {isa = PBXFileReference; explicitFileType = wrapper.cfbundle; includeInIndex = 0; path = NatureBookTests.xctest; sourceTree = BUILT_PRODUCTS_DIR; };
		7EEAB3C62A2F5C83007E8D3E /* NatureBookTests.swift */ = {isa = PBXFileReference; lastKnownFileType = sourcecode.swift; path = NatureBookTests.swift; sourceTree = "<group>"; };
		7EEAB3CC2A2F5C83007E8D3E /* NatureBookUITests.xctest */ = {isa = PBXFileReference; explicitFileType = wrapper.cfbundle; includeInIndex = 0; path = NatureBookUITests.xctest; sourceTree = BUILT_PRODUCTS_DIR; };
		7EEAB3D02A2F5C83007E8D3E /* NatureBookUITests.swift */ = {isa = PBXFileReference; lastKnownFileType = sourcecode.swift; path = NatureBookUITests.swift; sourceTree = "<group>"; };
		7EEAB3D22A2F5C83007E8D3E /* NatureBookUITestsLaunchTests.swift */ = {isa = PBXFileReference; lastKnownFileType = sourcecode.swift; path = NatureBookUITestsLaunchTests.swift; sourceTree = "<group>"; };
		7EEAB3DF2A2F5E9B007E8D3E /* SecondViewController.swift */ = {isa = PBXFileReference; lastKnownFileType = sourcecode.swift; path = SecondViewController.swift; sourceTree = "<group>"; };
/* End PBXFileReference section */

/* Begin PBXFrameworksBuildPhase section */
		7EEAB3A62A2F5C82007E8D3E /* Frameworks */ = {
			isa = PBXFrameworksBuildPhase;
			buildActionMask = 2147483647;
			files = (
			);
			runOnlyForDeploymentPostprocessing = 0;
		};
		7EEAB3BF2A2F5C83007E8D3E /* Frameworks */ = {
			isa = PBXFrameworksBuildPhase;
			buildActionMask = 2147483647;
			files = (
			);
			runOnlyForDeploymentPostprocessing = 0;
		};
		7EEAB3C92A2F5C83007E8D3E /* Frameworks */ = {
			isa = PBXFrameworksBuildPhase;
			buildActionMask = 2147483647;
			files = (
			);
			runOnlyForDeploymentPostprocessing = 0;
		};
/* End PBXFrameworksBuildPhase section */

/* Begin PBXGroup section */
		7EEAB3A02A2F5C82007E8D3E = {
			isa = PBXGroup;
			children = (
				7EEAB3AB2A2F5C82007E8D3E /* NatureBook */,
				7EEAB3C52A2F5C83007E8D3E /* NatureBookTests */,
				7EEAB3CF2A2F5C83007E8D3E /* NatureBookUITests */,
				7EEAB3AA2A2F5C82007E8D3E /* Products */,
			);
			sourceTree = "<group>";
		};
		7EEAB3AA2A2F5C82007E8D3E /* Products */ = {
			isa = PBXGroup;
			children = (
				7EEAB3A92A2F5C82007E8D3E /* NatureBook.app */,
				7EEAB3C22A2F5C83007E8D3E /* NatureBookTests.xctest */,
				7EEAB3CC2A2F5C83007E8D3E /* NatureBookUITests.xctest */,
			);
			name = Products;
			sourceTree = "<group>";
		};
		7EEAB3AB2A2F5C82007E8D3E /* NatureBook */ = {
			isa = PBXGroup;
			children = (
				7EEAB3AC2A2F5C82007E8D3E /* AppDelegate.swift */,
				7EEAB3AE2A2F5C82007E8D3E /* SceneDelegate.swift */,
				7EEAB3B02A2F5C82007E8D3E /* ViewController.swift */,
				7EEAB3DF2A2F5E9B007E8D3E /* SecondViewController.swift */,
				7EEAB3B22A2F5C82007E8D3E /* Main.storyboard */,
				7EEAB3B82A2F5C83007E8D3E /* Assets.xcassets */,
				7EEAB3BA2A2F5C83007E8D3E /* LaunchScreen.storyboard */,
				7EEAB3BD2A2F5C83007E8D3E /* Info.plist */,
				7EEAB3B52A2F5C82007E8D3E /* NatureBook.xcdatamodeld */,
			);
			path = NatureBook;
			sourceTree = "<group>";
		};
		7EEAB3C52A2F5C83007E8D3E /* NatureBookTests */ = {
			isa = PBXGroup;
			children = (
				7EEAB3C62A2F5C83007E8D3E /* NatureBookTests.swift */,
			);
			path = NatureBookTests;
			sourceTree = "<group>";
		};
		7EEAB3CF2A2F5C83007E8D3E /* NatureBookUITests */ = {
			isa = PBXGroup;
			children = (
				7EEAB3D02A2F5C83007E8D3E /* NatureBookUITests.swift */,
				7EEAB3D22A2F5C83007E8D3E /* NatureBookUITestsLaunchTests.swift */,
			);
			path = NatureBookUITests;
			sourceTree = "<group>";
		};
/* End PBXGroup section */

/* Begin PBXNativeTarget section */
		7EEAB3A82A2F5C82007E8D3E /* NatureBook */ = {
			isa = PBXNativeTarget;
			buildConfigurationList = 7EEAB3D62A2F5C83007E8D3E /* Build configuration list for PBXNativeTarget "NatureBook" */;
			buildPhases = (
				7EEAB3A52A2F5C82007E8D3E /* Sources */,
				7EEAB3A62A2F5C82007E8D3E /* Frameworks */,
				7EEAB3A72A2F5C82007E8D3E /* Resources */,
			);
			buildRules = (
			);
			dependencies = (
			);
			name = NatureBook;
			productName = NatureBook;
			productReference = 7EEAB3A92A2F5C82007E8D3E /* NatureBook.app */;
			productType = "com.apple.product-type.application";
		};
		7EEAB3C12A2F5C83007E8D3E /* NatureBookTests */ = {
			isa = PBXNativeTarget;
			buildConfigurationList = 7EEAB3D92A2F5C83007E8D3E /* Build configuration list for PBXNativeTarget "NatureBookTests" */;
			buildPhases = (
				7EEAB3BE2A2F5C83007E8D3E /* Sources */,
				7EEAB3BF2A2F5C83007E8D3E /* Frameworks */,
				7EEAB3C02A2F5C83007E8D3E /* Resources */,
			);
			buildRules = (
			);
			dependencies = (
				7EEAB3C42A2F5C83007E8D3E /* PBXTargetDependency */,
			);
			name = NatureBookTests;
			productName = NatureBookTests;
			productReference = 7EEAB3C22A2F5C83007E8D3E /* NatureBookTests.xctest */;
			productType = "com.apple.product-type.bundle.unit-test";
		};
		7EEAB3CB2A2F5C83007E8D3E /* NatureBookUITests */ = {
			isa = PBXNativeTarget;
			buildConfigurationList = 7EEAB3DC2A2F5C83007E8D3E /* Build configuration list for PBXNativeTarget "NatureBookUITests" */;
			buildPhases = (
				7EEAB3C82A2F5C83007E8D3E /* Sources */,
				7EEAB3C92A2F5C83007E8D3E /* Frameworks */,
				7EEAB3CA2A2F5C83007E8D3E /* Resources */,
			);
			buildRules = (
			);
			dependencies = (
				7EEAB3CE2A2F5C83007E8D3E /* PBXTargetDependency */,
			);
			name = NatureBookUITests;
			productName = NatureBookUITests;
			productReference = 7EEAB3CC2A2F5C83007E8D3E /* NatureBookUITests.xctest */;
			productType = "com.apple.product-type.bundle.ui-testing";
		};
/* End PBXNativeTarget section */

/* Begin PBXProject section */
		7EEAB3A12A2F5C82007E8D3E /* Project object */ = {
			isa = PBXProject;
			attributes = {
				BuildIndependentTargetsInParallel = 1;
				LastSwiftUpdateCheck = 1420;
				LastUpgradeCheck = 1420;
				TargetAttributes = {
					7EEAB3A82A2F5C82007E8D3E = {
						CreatedOnToolsVersion = 14.2;
					};
					7EEAB3C12A2F5C83007E8D3E = {
						CreatedOnToolsVersion = 14.2;
						TestTargetID = 7EEAB3A82A2F5C82007E8D3E;
					};
					7EEAB3CB2A2F5C83007E8D3E = {
						CreatedOnToolsVersion = 14.2;
						TestTargetID = 7EEAB3A82A2F5C82007E8D3E;
					};
				};
			};
			buildConfigurationList = 7EEAB3A42A2F5C82007E8D3E /* Build configuration list for PBXProject "NatureBook" */;
			compatibilityVersion = "Xcode 14.0";
			developmentRegion = en;
			hasScannedForEncodings = 0;
			knownRegions = (
				en,
				Base,
			);
			mainGroup = 7EEAB3A02A2F5C82007E8D3E;
			productRefGroup = 7EEAB3AA2A2F5C82007E8D3E /* Products */;
			projectDirPath = "";
			projectRoot = "";
			targets = (
				7EEAB3A82A2F5C82007E8D3E /* NatureBook */,
				7EEAB3C12A2F5C83007E8D3E /* NatureBookTests */,
				7EEAB3CB2A2F5C83007E8D3E /* NatureBookUITests */,
			);
		};
/* End PBXProject section */

/* Begin PBXResourcesBuildPhase section */
		7EEAB3A72A2F5C82007E8D3E /* Resources */ = {
			isa = PBXResourcesBuildPhase;
			buildActionMask = 2147483647;
			files = (
				7EEAB3BC2A2F5C83007E8D3E /* LaunchScreen.storyboard in Resources */,
				7EEAB3B92A2F5C83007E8D3E /* Assets.xcassets in Resources */,
				7EEAB3B42A2F5C82007E8D3E /* Main.storyboard in Resources */,
			);
			runOnlyForDeploymentPostprocessing = 0;
		};
		7EEAB3C02A2F5C83007E8D3E /* Resources */ = {
			isa = PBXResourcesBuildPhase;
			buildActionMask = 2147483647;
			files = (
			);
			runOnlyForDeploymentPostprocessing = 0;
		};
		7EEAB3CA2A2F5C83007E8D3E /* Resources */ = {
			isa = PBXResourcesBuildPhase;
			buildActionMask = 2147483647;
			files = (
			);
			runOnlyForDeploymentPostprocessing = 0;
		};
/* End PBXResourcesBuildPhase section */

/* Begin PBXSourcesBuildPhase section */
		7EEAB3A52A2F5C82007E8D3E /* Sources */ = {
			isa = PBXSourcesBuildPhase;
			buildActionMask = 2147483647;
			files = (
				7EEAB3B12A2F5C82007E8D3E /* ViewController.swift in Sources */,
				7EEAB3B72A2F5C82007E8D3E /* NatureBook.xcdatamodeld in Sources */,
				7EEAB3AD2A2F5C82007E8D3E /* AppDelegate.swift in Sources */,
				7EEAB3E02A2F5E9B007E8D3E /* SecondViewController.swift in Sources */,
				7EEAB3AF2A2F5C82007E8D3E /* SceneDelegate.swift in Sources */,
			);
			runOnlyForDeploymentPostprocessing = 0;
		};
		7EEAB3BE2A2F5C83007E8D3E /* Sources */ = {
			isa = PBXSourcesBuildPhase;
			buildActionMask = 2147483647;
			files = (
				7EEAB3C72A2F5C83007E8D3E /* NatureBookTests.swift in Sources */,
			);
			runOnlyForDeploymentPostprocessing = 0;
		};
		7EEAB3C82A2F5C83007E8D3E /* Sources */ = {
			isa = PBXSourcesBuildPhase;
			buildActionMask = 2147483647;
			files = (
				7EEAB3D32A2F5C83007E8D3E /* NatureBookUITestsLaunchTests.swift in Sources */,
				7EEAB3D12A2F5C83007E8D3E /* NatureBookUITests.swift in Sources */,
			);
			runOnlyForDeploymentPostprocessing = 0;
		};
/* End PBXSourcesBuildPhase section */

/* Begin PBXTargetDependency section */
		7EEAB3C42A2F5C83007E8D3E /* PBXTargetDependency */ = {
			isa = PBXTargetDependency;
			target = 7EEAB3A82A2F5C82007E8D3E /* NatureBook */;
			targetProxy = 7EEAB3C32A2F5C83007E8D3E /* PBXContainerItemProxy */;
		};
		7EEAB3CE2A2F5C83007E8D3E /* PBXTargetDependency */ = {
			isa = PBXTargetDependency;
			target = 7EEAB3A82A2F5C82007E8D3E /* NatureBook */;
			targetProxy = 7EEAB3CD2A2F5C83007E8D3E /* PBXContainerItemProxy */;
		};
/* End PBXTargetDependency section */

/* Begin PBXVariantGroup section */
		7EEAB3B22A2F5C82007E8D3E /* Main.storyboard */ = {
			isa = PBXVariantGroup;
			children = (
				7EEAB3B32A2F5C82007E8D3E /* Base */,
			);
			name = Main.storyboard;
			sourceTree = "<group>";
		};
		7EEAB3BA2A2F5C83007E8D3E /* LaunchScreen.storyboard */ = {
			isa = PBXVariantGroup;
			children = (
				7EEAB3BB2A2F5C83007E8D3E /* Base */,
			);
			name = LaunchScreen.storyboard;
			sourceTree = "<group>";
		};
/* End PBXVariantGroup section */

/* Begin XCBuildConfiguration section */
		7EEAB3D42A2F5C83007E8D3E /* Debug */ = {
			isa = XCBuildConfiguration;
			buildSettings = {
				ALWAYS_SEARCH_USER_PATHS = NO;
				CLANG_ANALYZER_NONNULL = YES;
				CLANG_ANALYZER_NUMBER_OBJECT_CONVERSION = YES_AGGRESSIVE;
				CLANG_CXX_LANGUAGE_STANDARD = "gnu++20";
				CLANG_ENABLE_MODULES = YES;
				CLANG_ENABLE_OBJC_ARC = YES;
				CLANG_ENABLE_OBJC_WEAK = YES;
				CLANG_WARN_BLOCK_CAPTURE_AUTORELEASING = YES;
				CLANG_WARN_BOOL_CONVERSION = YES;
				CLANG_WARN_COMMA = YES;
				CLANG_WARN_CONSTANT_CONVERSION = YES;
				CLANG_WARN_DEPRECATED_OBJC_IMPLEMENTATIONS = YES;
				CLANG_WARN_DIRECT_OBJC_ISA_USAGE = YES_ERROR;
				CLANG_WARN_DOCUMENTATION_COMMENTS = YES;
				CLANG_WARN_EMPTY_BODY = YES;
				CLANG_WARN_ENUM_CONVERSION = YES;
				CLANG_WARN_INFINITE_RECURSION = YES;
				CLANG_WARN_INT_CONVERSION = YES;
				CLANG_WARN_NON_LITERAL_NULL_CONVERSION = YES;
				CLANG_WARN_OBJC_IMPLICIT_RETAIN_SELF = YES;
				CLANG_WARN_OBJC_LITERAL_CONVERSION = YES;
				CLANG_WARN_OBJC_ROOT_CLASS = YES_ERROR;
				CLANG_WARN_QUOTED_INCLUDE_IN_FRAMEWORK_HEADER = YES;
				CLANG_WARN_RANGE_LOOP_ANALYSIS = YES;
				CLANG_WARN_STRICT_PROTOTYPES = YES;
				CLANG_WARN_SUSPICIOUS_MOVE = YES;
				CLANG_WARN_UNGUARDED_AVAILABILITY = YES_AGGRESSIVE;
				CLANG_WARN_UNREACHABLE_CODE = YES;
				CLANG_WARN__DUPLICATE_METHOD_MATCH = YES;
				COPY_PHASE_STRIP = NO;
				DEBUG_INFORMATION_FORMAT = dwarf;
				ENABLE_STRICT_OBJC_MSGSEND = YES;
				ENABLE_TESTABILITY = YES;
				GCC_C_LANGUAGE_STANDARD = gnu11;
				GCC_DYNAMIC_NO_PIC = NO;
				GCC_NO_COMMON_BLOCKS = YES;
				GCC_OPTIMIZATION_LEVEL = 0;
				GCC_PREPROCESSOR_DEFINITIONS = (
					"DEBUG=1",
					"$(inherited)",
				);
				GCC_WARN_64_TO_32_BIT_CONVERSION = YES;
				GCC_WARN_ABOUT_RETURN_TYPE = YES_ERROR;
				GCC_WARN_UNDECLARED_SELECTOR = YES;
				GCC_WARN_UNINITIALIZED_AUTOS = YES_AGGRESSIVE;
				GCC_WARN_UNUSED_FUNCTION = YES;
				GCC_WARN_UNUSED_VARIABLE = YES;
				IPHONEOS_DEPLOYMENT_TARGET = 16.2;
				MTL_ENABLE_DEBUG_INFO = INCLUDE_SOURCE;
				MTL_FAST_MATH = YES;
				ONLY_ACTIVE_ARCH = YES;
				SDKROOT = iphoneos;
				SWIFT_ACTIVE_COMPILATION_CONDITIONS = DEBUG;
				SWIFT_OPTIMIZATION_LEVEL = "-Onone";
			};
			name = Debug;
		};
		7EEAB3D52A2F5C83007E8D3E /* Release */ = {
			isa = XCBuildConfiguration;
			buildSettings = {
				ALWAYS_SEARCH_USER_PATHS = NO;
				CLANG_ANALYZER_NONNULL = YES;
				CLANG_ANALYZER_NUMBER_OBJECT_CONVERSION = YES_AGGRESSIVE;
				CLANG_CXX_LANGUAGE_STANDARD = "gnu++20";
				CLANG_ENABLE_MODULES = YES;
				CLANG_ENABLE_OBJC_ARC = YES;
				CLANG_ENABLE_OBJC_WEAK = YES;
				CLANG_WARN_BLOCK_CAPTURE_AUTORELEASING = YES;
				CLANG_WARN_BOOL_CONVERSION = YES;
				CLANG_WARN_COMMA = YES;
				CLANG_WARN_CONSTANT_CONVERSION = YES;
				CLANG_WARN_DEPRECATED_OBJC_IMPLEMENTATIONS = YES;
				CLANG_WARN_DIRECT_OBJC_ISA_USAGE = YES_ERROR;
				CLANG_WARN_DOCUMENTATION_COMMENTS = YES;
				CLANG_WARN_EMPTY_BODY = YES;
				CLANG_WARN_ENUM_CONVERSION = YES;
				CLANG_WARN_INFINITE_RECURSION = YES;
				CLANG_WARN_INT_CONVERSION = YES;
				CLANG_WARN_NON_LITERAL_NULL_CONVERSION = YES;
				CLANG_WARN_OBJC_IMPLICIT_RETAIN_SELF = YES;
				CLANG_WARN_OBJC_LITERAL_CONVERSION = YES;
				CLANG_WARN_OBJC_ROOT_CLASS = YES_ERROR;
				CLANG_WARN_QUOTED_INCLUDE_IN_FRAMEWORK_HEADER = YES;
				CLANG_WARN_RANGE_LOOP_ANALYSIS = YES;
				CLANG_WARN_STRICT_PROTOTYPES = YES;
				CLANG_WARN_SUSPICIOUS_MOVE = YES;
				CLANG_WARN_UNGUARDED_AVAILABILITY = YES_AGGRESSIVE;
				CLANG_WARN_UNREACHABLE_CODE = YES;
				CLANG_WARN__DUPLICATE_METHOD_MATCH = YES;
				COPY_PHASE_STRIP = NO;
				DEBUG_INFORMATION_FORMAT = "dwarf-with-dsym";
				ENABLE_NS_ASSERTIONS = NO;
				ENABLE_STRICT_OBJC_MSGSEND = YES;
				GCC_C_LANGUAGE_STANDARD = gnu11;
				GCC_NO_COMMON_BLOCKS = YES;
				GCC_WARN_64_TO_32_BIT_CONVERSION = YES;
				GCC_WARN_ABOUT_RETURN_TYPE = YES_ERROR;
				GCC_WARN_UNDECLARED_SELECTOR = YES;
				GCC_WARN_UNINITIALIZED_AUTOS = YES_AGGRESSIVE;
				GCC_WARN_UNUSED_FUNCTION = YES;
				GCC_WARN_UNUSED_VARIABLE = YES;
				IPHONEOS_DEPLOYMENT_TARGET = 16.2;
				MTL_ENABLE_DEBUG_INFO = NO;
				MTL_FAST_MATH = YES;
				SDKROOT = iphoneos;
				SWIFT_COMPILATION_MODE = wholemodule;
				SWIFT_OPTIMIZATION_LEVEL = "-O";
				VALIDATE_PRODUCT = YES;
			};
			name = Release;
		};
		7EEAB3D72A2F5C83007E8D3E /* Debug */ = {
			isa = XCBuildConfiguration;
			buildSettings = {
				ASSETCATALOG_COMPILER_APPICON_NAME = AppIcon;
				ASSETCATALOG_COMPILER_GLOBAL_ACCENT_COLOR_NAME = AccentColor;
				CODE_SIGN_STYLE = Automatic;
				CURRENT_PROJECT_VERSION = 1;
				DEVELOPMENT_TEAM = K3MD752X5G;
				GENERATE_INFOPLIST_FILE = YES;
				INFOPLIST_FILE = NatureBook/Info.plist;
				INFOPLIST_KEY_UIApplicationSupportsIndirectInputEvents = YES;
				INFOPLIST_KEY_UILaunchStoryboardName = LaunchScreen;
				INFOPLIST_KEY_UIMainStoryboardFile = Main;
				INFOPLIST_KEY_UISupportedInterfaceOrientations_iPad = "UIInterfaceOrientationPortrait UIInterfaceOrientationPortraitUpsideDown UIInterfaceOrientationLandscapeLeft UIInterfaceOrientationLandscapeRight";
				INFOPLIST_KEY_UISupportedInterfaceOrientations_iPhone = "UIInterfaceOrientationPortrait UIInterfaceOrientationLandscapeLeft UIInterfaceOrientationLandscapeRight";
				LD_RUNPATH_SEARCH_PATHS = (
					"$(inherited)",
					"@executable_path/Frameworks",
				);
				MARKETING_VERSION = 1.0;
				PRODUCT_BUNDLE_IDENTIFIER = com.ziyan.NatureBook;
				PRODUCT_NAME = "$(TARGET_NAME)";
				SWIFT_EMIT_LOC_STRINGS = YES;
				SWIFT_VERSION = 5.0;
				TARGETED_DEVICE_FAMILY = "1,2";
			};
			name = Debug;
		};
		7EEAB3D82A2F5C83007E8D3E /* Release */ = {
			isa = XCBuildConfiguration;
			buildSettings = {
				ASSETCATALOG_COMPILER_APPICON_NAME = AppIcon;
				ASSETCATALOG_COMPILER_GLOBAL_ACCENT_COLOR_NAME = AccentColor;
				CODE_SIGN_STYLE = Automatic;
				CURRENT_PROJECT_VERSION = 1;
				DEVELOPMENT_TEAM = K3MD752X5G;
				GENERATE_INFOPLIST_FILE = YES;
				INFOPLIST_FILE = NatureBook/Info.plist;
				INFOPLIST_KEY_UIApplicationSupportsIndirectInputEvents = YES;
				INFOPLIST_KEY_UILaunchStoryboardName = LaunchScreen;
				INFOPLIST_KEY_UIMainStoryboardFile = Main;
				INFOPLIST_KEY_UISupportedInterfaceOrientations_iPad = "UIInterfaceOrientationPortrait UIInterfaceOrientationPortraitUpsideDown UIInterfaceOrientationLandscapeLeft UIInterfaceOrientationLandscapeRight";
				INFOPLIST_KEY_UISupportedInterfaceOrientations_iPhone = "UIInterfaceOrientationPortrait UIInterfaceOrientationLandscapeLeft UIInterfaceOrientationLandscapeRight";
				LD_RUNPATH_SEARCH_PATHS = (
					"$(inherited)",
					"@executable_path/Frameworks",
				);
				MARKETING_VERSION = 1.0;
				PRODUCT_BUNDLE_IDENTIFIER = com.ziyan.NatureBook;
				PRODUCT_NAME = "$(TARGET_NAME)";
				SWIFT_EMIT_LOC_STRINGS = YES;
				SWIFT_VERSION = 5.0;
				TARGETED_DEVICE_FAMILY = "1,2";
			};
			name = Release;
		};
		7EEAB3DA2A2F5C83007E8D3E /* Debug */ = {
			isa = XCBuildConfiguration;
			buildSettings = {
				ALWAYS_EMBED_SWIFT_STANDARD_LIBRARIES = YES;
				BUNDLE_LOADER = "$(TEST_HOST)";
				CODE_SIGN_STYLE = Automatic;
				CURRENT_PROJECT_VERSION = 1;
				DEVELOPMENT_TEAM = K3MD752X5G;
				GENERATE_INFOPLIST_FILE = YES;
				IPHONEOS_DEPLOYMENT_TARGET = 16.2;
				MARKETING_VERSION = 1.0;
				PRODUCT_BUNDLE_IDENTIFIER = com.ziyan.NatureBookTests;
				PRODUCT_NAME = "$(TARGET_NAME)";
				SWIFT_EMIT_LOC_STRINGS = NO;
				SWIFT_VERSION = 5.0;
				TARGETED_DEVICE_FAMILY = "1,2";
				TEST_HOST = "$(BUILT_PRODUCTS_DIR)/NatureBook.app/$(BUNDLE_EXECUTABLE_FOLDER_PATH)/NatureBook";
			};
			name = Debug;
		};
		7EEAB3DB2A2F5C83007E8D3E /* Release */ = {
			isa = XCBuildConfiguration;
			buildSettings = {
				ALWAYS_EMBED_SWIFT_STANDARD_LIBRARIES = YES;
				BUNDLE_LOADER = "$(TEST_HOST)";
				CODE_SIGN_STYLE = Automatic;
				CURRENT_PROJECT_VERSION = 1;
				DEVELOPMENT_TEAM = K3MD752X5G;
				GENERATE_INFOPLIST_FILE = YES;
				IPHONEOS_DEPLOYMENT_TARGET = 16.2;
				MARKETING_VERSION = 1.0;
				PRODUCT_BUNDLE_IDENTIFIER = com.ziyan.NatureBookTests;
				PRODUCT_NAME = "$(TARGET_NAME)";
				SWIFT_EMIT_LOC_STRINGS = NO;
				SWIFT_VERSION = 5.0;
				TARGETED_DEVICE_FAMILY = "1,2";
				TEST_HOST = "$(BUILT_PRODUCTS_DIR)/NatureBook.app/$(BUNDLE_EXECUTABLE_FOLDER_PATH)/NatureBook";
			};
			name = Release;
		};
		7EEAB3DD2A2F5C83007E8D3E /* Debug */ = {
			isa = XCBuildConfiguration;
			buildSettings = {
				ALWAYS_EMBED_SWIFT_STANDARD_LIBRARIES = YES;
				CODE_SIGN_STYLE = Automatic;
				CURRENT_PROJECT_VERSION = 1;
				DEVELOPMENT_TEAM = K3MD752X5G;
				GENERATE_INFOPLIST_FILE = YES;
				MARKETING_VERSION = 1.0;
				PRODUCT_BUNDLE_IDENTIFIER = com.ziyan.NatureBookUITests;
				PRODUCT_NAME = "$(TARGET_NAME)";
				SWIFT_EMIT_LOC_STRINGS = NO;
				SWIFT_VERSION = 5.0;
				TARGETED_DEVICE_FAMILY = "1,2";
				TEST_TARGET_NAME = NatureBook;
			};
			name = Debug;
		};
		7EEAB3DE2A2F5C83007E8D3E /* Release */ = {
			isa = XCBuildConfiguration;
			buildSettings = {
				ALWAYS_EMBED_SWIFT_STANDARD_LIBRARIES = YES;
				CODE_SIGN_STYLE = Automatic;
				CURRENT_PROJECT_VERSION = 1;
				DEVELOPMENT_TEAM = K3MD752X5G;
				GENERATE_INFOPLIST_FILE = YES;
				MARKETING_VERSION = 1.0;
				PRODUCT_BUNDLE_IDENTIFIER = com.ziyan.NatureBookUITests;
				PRODUCT_NAME = "$(TARGET_NAME)";
				SWIFT_EMIT_LOC_STRINGS = NO;
				SWIFT_VERSION = 5.0;
				TARGETED_DEVICE_FAMILY = "1,2";
				TEST_TARGET_NAME = NatureBook;
			};
			name = Release;
		};
/* End XCBuildConfiguration section */

/* Begin XCConfigurationList section */
		7EEAB3A42A2F5C82007E8D3E /* Build configuration list for PBXProject "NatureBook" */ = {
			isa = XCConfigurationList;
			buildConfigurations = (
				7EEAB3D42A2F5C83007E8D3E /* Debug */,
				7EEAB3D52A2F5C83007E8D3E /* Release */,
			);
			defaultConfigurationIsVisible = 0;
			defaultConfigurationName = Release;
		};
		7EEAB3D62A2F5C83007E8D3E /* Build configuration list for PBXNativeTarget "NatureBook" */ = {
			isa = XCConfigurationList;
			buildConfigurations = (
				7EEAB3D72A2F5C83007E8D3E /* Debug */,
				7EEAB3D82A2F5C83007E8D3E /* Release */,
			);
			defaultConfigurationIsVisible = 0;
			defaultConfigurationName = Release;
		};
		7EEAB3D92A2F5C83007E8D3E /* Build configuration list for PBXNativeTarget "NatureBookTests" */ = {
			isa = XCConfigurationList;
			buildConfigurations = (
				7EEAB3DA2A2F5C83007E8D3E /* Debug */,
				7EEAB3DB2A2F5C83007E8D3E /* Release */,
			);
			defaultConfigurationIsVisible = 0;
			defaultConfigurationName = Release;
		};
		7EEAB3DC2A2F5C83007E8D3E /* Build configuration list for PBXNativeTarget "NatureBookUITests" */ = {
			isa = XCConfigurationList;
			buildConfigurations = (
				7EEAB3DD2A2F5C83007E8D3E /* Debug */,
				7EEAB3DE2A2F5C83007E8D3E /* Release */,
			);
			defaultConfigurationIsVisible = 0;
			defaultConfigurationName = Release;
		};
/* End XCConfigurationList section */

/* Begin XCVersionGroup section */
		7EEAB3B52A2F5C82007E8D3E /* NatureBook.xcdatamodeld */ = {
			isa = XCVersionGroup;
			children = (
				7EEAB3B62A2F5C82007E8D3E /* NatureBook.xcdatamodel */,
			);
			currentVersion = 7EEAB3B62A2F5C82007E8D3E /* NatureBook.xcdatamodel */;
			path = NatureBook.xcdatamodeld;
			sourceTree = "<group>";
			versionGroupType = wrapper.xcdatamodel;
		};
/* End XCVersionGroup section */
	};
	rootObject = 7EEAB3A12A2F5C82007E8D3E /* Project object */;
}
